// !$*UTF8*$!
{
	archiveVersion = 1;
	classes = {
	};
	objectVersion = 48;
	objects = {

/* Begin PBXBuildFile section */
		3F06B355207C81E000C8315A /* AppDelegate.swift in Sources */ = {isa = PBXBuildFile; fileRef = 3F06B354207C81E000C8315A /* AppDelegate.swift */; };
		3F06B357207C81E000C8315A /* GameViewController.swift in Sources */ = {isa = PBXBuildFile; fileRef = 3F06B356207C81E000C8315A /* GameViewController.swift */; };
		3F06B35A207C81E000C8315A /* Main.storyboard in Resources */ = {isa = PBXBuildFile; fileRef = 3F06B358207C81E000C8315A /* Main.storyboard */; };
		3F06B35D207C81E000C8315A /* LaunchScreen.storyboard in Resources */ = {isa = PBXBuildFile; fileRef = 3F06B35B207C81E000C8315A /* LaunchScreen.storyboard */; };
		3F06B366207C81E000C8315A /* AppDelegate.swift in Sources */ = {isa = PBXBuildFile; fileRef = 3F06B365207C81E000C8315A /* AppDelegate.swift */; };
		3F06B368207C81E000C8315A /* GameViewController.swift in Sources */ = {isa = PBXBuildFile; fileRef = 3F06B367207C81E000C8315A /* GameViewController.swift */; };
		3F06B36B207C81E000C8315A /* Main.storyboard in Resources */ = {isa = PBXBuildFile; fileRef = 3F06B369207C81E000C8315A /* Main.storyboard */; };
		3F06B36D207C81E000C8315A /* Actions.sks in Resources */ = {isa = PBXBuildFile; fileRef = 3F06B349207C81E000C8315A /* Actions.sks */; };
		3F06B36E207C81E000C8315A /* Actions.sks in Resources */ = {isa = PBXBuildFile; fileRef = 3F06B349207C81E000C8315A /* Actions.sks */; };
		3F06B36F207C81E000C8315A /* GameScene.sks in Resources */ = {isa = PBXBuildFile; fileRef = 3F06B34A207C81E000C8315A /* GameScene.sks */; };
		3F06B370207C81E000C8315A /* GameScene.sks in Resources */ = {isa = PBXBuildFile; fileRef = 3F06B34A207C81E000C8315A /* GameScene.sks */; };
		3F06B371207C81E000C8315A /* GameScene.swift in Sources */ = {isa = PBXBuildFile; fileRef = 3F06B34B207C81E000C8315A /* GameScene.swift */; };
		3F06B372207C81E000C8315A /* GameScene.swift in Sources */ = {isa = PBXBuildFile; fileRef = 3F06B34B207C81E000C8315A /* GameScene.swift */; };
		3F06B373207C81E000C8315A /* Assets.xcassets in Resources */ = {isa = PBXBuildFile; fileRef = 3F06B34C207C81E000C8315A /* Assets.xcassets */; };
		3F06B374207C81E000C8315A /* Assets.xcassets in Resources */ = {isa = PBXBuildFile; fileRef = 3F06B34C207C81E000C8315A /* Assets.xcassets */; };
		3F06B37E207C823B00C8315A /* hex.png in Resources */ = {isa = PBXBuildFile; fileRef = 3F06B37D207C823B00C8315A /* hex.png */; };
		3F06B383207E806400C8315A /* HexCalculator.swift in Sources */ = {isa = PBXBuildFile; fileRef = 3F06B382207E806400C8315A /* HexCalculator.swift */; };
		3F06B384207E806400C8315A /* HexCalculator.swift in Sources */ = {isa = PBXBuildFile; fileRef = 3F06B382207E806400C8315A /* HexCalculator.swift */; };
		3F555CE6208E7AA5003C67A7 /* Fibonacci.swift in Sources */ = {isa = PBXBuildFile; fileRef = 3F555CE5208E7AA5003C67A7 /* Fibonacci.swift */; };
		3F555CE7208E7AA5003C67A7 /* Fibonacci.swift in Sources */ = {isa = PBXBuildFile; fileRef = 3F555CE5208E7AA5003C67A7 /* Fibonacci.swift */; };
		3F555CE9208E7B5F003C67A7 /* hex_gray.png in Resources */ = {isa = PBXBuildFile; fileRef = 3F555CE8208E7B5F003C67A7 /* hex_gray.png */; };
		3F555CEA208E7B5F003C67A7 /* hex_gray.png in Resources */ = {isa = PBXBuildFile; fileRef = 3F555CE8208E7B5F003C67A7 /* hex_gray.png */; };
		3FAAC76B207F27E9006F5196 /* HexCell.swift in Sources */ = {isa = PBXBuildFile; fileRef = 3FAAC76A207F27E9006F5196 /* HexCell.swift */; };
		3FAAC76C207F27E9006F5196 /* HexCell.swift in Sources */ = {isa = PBXBuildFile; fileRef = 3FAAC76A207F27E9006F5196 /* HexCell.swift */; };
/* End PBXBuildFile section */

/* Begin PBXFileReference section */
		3F06B349207C81E000C8315A /* Actions.sks */ = {isa = PBXFileReference; lastKnownFileType = file.sks; path = Actions.sks; sourceTree = "<group>"; };
		3F06B34A207C81E000C8315A /* GameScene.sks */ = {isa = PBXFileReference; lastKnownFileType = file.sks; path = GameScene.sks; sourceTree = "<group>"; };
		3F06B34B207C81E000C8315A /* GameScene.swift */ = {isa = PBXFileReference; lastKnownFileType = sourcecode.swift; path = GameScene.swift; sourceTree = "<group>"; };
		3F06B34C207C81E000C8315A /* Assets.xcassets */ = {isa = PBXFileReference; lastKnownFileType = folder.assetcatalog; path = Assets.xcassets; sourceTree = "<group>"; };
		3F06B351207C81E000C8315A /* HexThrees.app */ = {isa = PBXFileReference; explicitFileType = wrapper.application; includeInIndex = 0; path = HexThrees.app; sourceTree = BUILT_PRODUCTS_DIR; };
		3F06B354207C81E000C8315A /* AppDelegate.swift */ = {isa = PBXFileReference; lastKnownFileType = sourcecode.swift; path = AppDelegate.swift; sourceTree = "<group>"; };
		3F06B356207C81E000C8315A /* GameViewController.swift */ = {isa = PBXFileReference; lastKnownFileType = sourcecode.swift; path = GameViewController.swift; sourceTree = "<group>"; };
		3F06B359207C81E000C8315A /* Base */ = {isa = PBXFileReference; lastKnownFileType = file.storyboard; name = Base; path = Base.lproj/Main.storyboard; sourceTree = "<group>"; };
		3F06B35C207C81E000C8315A /* Base */ = {isa = PBXFileReference; lastKnownFileType = file.storyboard; name = Base; path = Base.lproj/LaunchScreen.storyboard; sourceTree = "<group>"; };
		3F06B35E207C81E000C8315A /* Info.plist */ = {isa = PBXFileReference; lastKnownFileType = text.plist.xml; path = Info.plist; sourceTree = "<group>"; };
		3F06B363207C81E000C8315A /* HexThrees.app */ = {isa = PBXFileReference; explicitFileType = wrapper.application; includeInIndex = 0; path = HexThrees.app; sourceTree = BUILT_PRODUCTS_DIR; };
		3F06B365207C81E000C8315A /* AppDelegate.swift */ = {isa = PBXFileReference; lastKnownFileType = sourcecode.swift; path = AppDelegate.swift; sourceTree = "<group>"; };
		3F06B367207C81E000C8315A /* GameViewController.swift */ = {isa = PBXFileReference; lastKnownFileType = sourcecode.swift; path = GameViewController.swift; sourceTree = "<group>"; };
		3F06B36A207C81E000C8315A /* Base */ = {isa = PBXFileReference; lastKnownFileType = file.storyboard; name = Base; path = Base.lproj/Main.storyboard; sourceTree = "<group>"; };
		3F06B36C207C81E000C8315A /* Info.plist */ = {isa = PBXFileReference; lastKnownFileType = text.plist.xml; path = Info.plist; sourceTree = "<group>"; };
		3F06B37D207C823B00C8315A /* hex.png */ = {isa = PBXFileReference; lastKnownFileType = image.png; path = hex.png; sourceTree = "<group>"; };
		3F06B382207E806400C8315A /* HexCalculator.swift */ = {isa = PBXFileReference; lastKnownFileType = sourcecode.swift; path = HexCalculator.swift; sourceTree = "<group>"; };
		3F555CE5208E7AA5003C67A7 /* Fibonacci.swift */ = {isa = PBXFileReference; lastKnownFileType = sourcecode.swift; path = Fibonacci.swift; sourceTree = "<group>"; };
		3F555CE8208E7B5F003C67A7 /* hex_gray.png */ = {isa = PBXFileReference; lastKnownFileType = image.png; path = hex_gray.png; sourceTree = "<group>"; };
		3FAAC76A207F27E9006F5196 /* HexCell.swift */ = {isa = PBXFileReference; lastKnownFileType = sourcecode.swift; path = HexCell.swift; sourceTree = "<group>"; };
/* End PBXFileReference section */

/* Begin PBXFrameworksBuildPhase section */
		3F06B34E207C81E000C8315A /* Frameworks */ = {
			isa = PBXFrameworksBuildPhase;
			buildActionMask = 2147483647;
			files = (
			);
			runOnlyForDeploymentPostprocessing = 0;
		};
		3F06B360207C81E000C8315A /* Frameworks */ = {
			isa = PBXFrameworksBuildPhase;
			buildActionMask = 2147483647;
			files = (
			);
			runOnlyForDeploymentPostprocessing = 0;
		};
/* End PBXFrameworksBuildPhase section */

/* Begin PBXGroup section */
		3F06B343207C81E000C8315A = {
			isa = PBXGroup;
			children = (
				3F555CE8208E7B5F003C67A7 /* hex_gray.png */,
				3F06B37D207C823B00C8315A /* hex.png */,
				3F06B348207C81E000C8315A /* HexThrees Shared */,
				3F06B353207C81E000C8315A /* HexThrees iOS */,
				3F06B364207C81E000C8315A /* HexThrees macOS */,
				3F06B352207C81E000C8315A /* Products */,
			);
			sourceTree = "<group>";
		};
		3F06B348207C81E000C8315A /* HexThrees Shared */ = {
			isa = PBXGroup;
			children = (
				3F06B349207C81E000C8315A /* Actions.sks */,
				3F06B34A207C81E000C8315A /* GameScene.sks */,
				3F06B34B207C81E000C8315A /* GameScene.swift */,
				3F06B34C207C81E000C8315A /* Assets.xcassets */,
				3F06B382207E806400C8315A /* HexCalculator.swift */,
				3FAAC76A207F27E9006F5196 /* HexCell.swift */,
				3F555CE5208E7AA5003C67A7 /* Fibonacci.swift */,
			);
			path = "HexThrees Shared";
			sourceTree = "<group>";
		};
		3F06B352207C81E000C8315A /* Products */ = {
			isa = PBXGroup;
			children = (
				3F06B351207C81E000C8315A /* HexThrees.app */,
				3F06B363207C81E000C8315A /* HexThrees.app */,
			);
			name = Products;
			sourceTree = "<group>";
		};
		3F06B353207C81E000C8315A /* HexThrees iOS */ = {
			isa = PBXGroup;
			children = (
				3F06B354207C81E000C8315A /* AppDelegate.swift */,
				3F06B356207C81E000C8315A /* GameViewController.swift */,
				3F06B358207C81E000C8315A /* Main.storyboard */,
				3F06B35B207C81E000C8315A /* LaunchScreen.storyboard */,
				3F06B35E207C81E000C8315A /* Info.plist */,
			);
			path = "HexThrees iOS";
			sourceTree = "<group>";
		};
		3F06B364207C81E000C8315A /* HexThrees macOS */ = {
			isa = PBXGroup;
			children = (
				3F06B365207C81E000C8315A /* AppDelegate.swift */,
				3F06B367207C81E000C8315A /* GameViewController.swift */,
				3F06B369207C81E000C8315A /* Main.storyboard */,
				3F06B36C207C81E000C8315A /* Info.plist */,
			);
			path = "HexThrees macOS";
			sourceTree = "<group>";
		};
/* End PBXGroup section */

/* Begin PBXNativeTarget section */
		3F06B350207C81E000C8315A /* HexThrees iOS */ = {
			isa = PBXNativeTarget;
			buildConfigurationList = 3F06B377207C81E000C8315A /* Build configuration list for PBXNativeTarget "HexThrees iOS" */;
			buildPhases = (
				3F06B34D207C81E000C8315A /* Sources */,
				3F06B34E207C81E000C8315A /* Frameworks */,
				3F06B34F207C81E000C8315A /* Resources */,
			);
			buildRules = (
			);
			dependencies = (
			);
			name = "HexThrees iOS";
			productName = "HexThrees iOS";
			productReference = 3F06B351207C81E000C8315A /* HexThrees.app */;
			productType = "com.apple.product-type.application";
		};
		3F06B362207C81E000C8315A /* HexThrees macOS */ = {
			isa = PBXNativeTarget;
			buildConfigurationList = 3F06B37A207C81E000C8315A /* Build configuration list for PBXNativeTarget "HexThrees macOS" */;
			buildPhases = (
				3F06B35F207C81E000C8315A /* Sources */,
				3F06B360207C81E000C8315A /* Frameworks */,
				3F06B361207C81E000C8315A /* Resources */,
			);
			buildRules = (
			);
			dependencies = (
			);
			name = "HexThrees macOS";
			productName = "HexThrees macOS";
			productReference = 3F06B363207C81E000C8315A /* HexThrees.app */;
			productType = "com.apple.product-type.application";
		};
/* End PBXNativeTarget section */

/* Begin PBXProject section */
		3F06B344207C81E000C8315A /* Project object */ = {
			isa = PBXProject;
			attributes = {
				LastSwiftUpdateCheck = 0920;
				LastUpgradeCheck = 0920;
				ORGANIZATIONNAME = "Ilja Stepanow";
				TargetAttributes = {
					3F06B350207C81E000C8315A = {
						CreatedOnToolsVersion = 9.2;
						ProvisioningStyle = Automatic;
					};
					3F06B362207C81E000C8315A = {
						CreatedOnToolsVersion = 9.2;
						ProvisioningStyle = Automatic;
					};
				};
			};
			buildConfigurationList = 3F06B347207C81E000C8315A /* Build configuration list for PBXProject "HexThrees" */;
			compatibilityVersion = "Xcode 8.0";
			developmentRegion = en;
			hasScannedForEncodings = 0;
			knownRegions = (
				en,
				Base,
			);
			mainGroup = 3F06B343207C81E000C8315A;
			productRefGroup = 3F06B352207C81E000C8315A /* Products */;
			projectDirPath = "";
			projectRoot = "";
			targets = (
				3F06B350207C81E000C8315A /* HexThrees iOS */,
				3F06B362207C81E000C8315A /* HexThrees macOS */,
			);
		};
/* End PBXProject section */

/* Begin PBXResourcesBuildPhase section */
		3F06B34F207C81E000C8315A /* Resources */ = {
			isa = PBXResourcesBuildPhase;
			buildActionMask = 2147483647;
			files = (
				3F06B36F207C81E000C8315A /* GameScene.sks in Resources */,
				3F555CE9208E7B5F003C67A7 /* hex_gray.png in Resources */,
				3F06B35A207C81E000C8315A /* Main.storyboard in Resources */,
				3F06B36D207C81E000C8315A /* Actions.sks in Resources */,
				3F06B37E207C823B00C8315A /* hex.png in Resources */,
				3F06B35D207C81E000C8315A /* LaunchScreen.storyboard in Resources */,
				3F06B373207C81E000C8315A /* Assets.xcassets in Resources */,
			);
			runOnlyForDeploymentPostprocessing = 0;
		};
		3F06B361207C81E000C8315A /* Resources */ = {
			isa = PBXResourcesBuildPhase;
			buildActionMask = 2147483647;
			files = (
				3F06B36B207C81E000C8315A /* Main.storyboard in Resources */,
				3F06B370207C81E000C8315A /* GameScene.sks in Resources */,
				3F06B374207C81E000C8315A /* Assets.xcassets in Resources */,
				3F555CEA208E7B5F003C67A7 /* hex_gray.png in Resources */,
				3F06B36E207C81E000C8315A /* Actions.sks in Resources */,
			);
			runOnlyForDeploymentPostprocessing = 0;
		};
/* End PBXResourcesBuildPhase section */

/* Begin PBXSourcesBuildPhase section */
		3F06B34D207C81E000C8315A /* Sources */ = {
			isa = PBXSourcesBuildPhase;
			buildActionMask = 2147483647;
			files = (
				3FAAC76B207F27E9006F5196 /* HexCell.swift in Sources */,
				3F06B371207C81E000C8315A /* GameScene.swift in Sources */,
				3F555CE6208E7AA5003C67A7 /* Fibonacci.swift in Sources */,
				3F06B357207C81E000C8315A /* GameViewController.swift in Sources */,
				3F06B383207E806400C8315A /* HexCalculator.swift in Sources */,
				3F06B355207C81E000C8315A /* AppDelegate.swift in Sources */,
			);
			runOnlyForDeploymentPostprocessing = 0;
		};
		3F06B35F207C81E000C8315A /* Sources */ = {
			isa = PBXSourcesBuildPhase;
			buildActionMask = 2147483647;
			files = (
				3FAAC76C207F27E9006F5196 /* HexCell.swift in Sources */,
				3F06B372207C81E000C8315A /* GameScene.swift in Sources */,
				3F555CE7208E7AA5003C67A7 /* Fibonacci.swift in Sources */,
				3F06B368207C81E000C8315A /* GameViewController.swift in Sources */,
				3F06B384207E806400C8315A /* HexCalculator.swift in Sources */,
				3F06B366207C81E000C8315A /* AppDelegate.swift in Sources */,
			);
			runOnlyForDeploymentPostprocessing = 0;
		};
/* End PBXSourcesBuildPhase section */

/* Begin PBXVariantGroup section */
		3F06B358207C81E000C8315A /* Main.storyboard */ = {
			isa = PBXVariantGroup;
			children = (
				3F06B359207C81E000C8315A /* Base */,
			);
			name = Main.storyboard;
			sourceTree = "<group>";
		};
		3F06B35B207C81E000C8315A /* LaunchScreen.storyboard */ = {
			isa = PBXVariantGroup;
			children = (
				3F06B35C207C81E000C8315A /* Base */,
			);
			name = LaunchScreen.storyboard;
			sourceTree = "<group>";
		};
		3F06B369207C81E000C8315A /* Main.storyboard */ = {
			isa = PBXVariantGroup;
			children = (
				3F06B36A207C81E000C8315A /* Base */,
			);
			name = Main.storyboard;
			sourceTree = "<group>";
		};
/* End PBXVariantGroup section */

/* Begin XCBuildConfiguration section */
		3F06B375207C81E000C8315A /* Debug */ = {
			isa = XCBuildConfiguration;
			buildSettings = {
				ALWAYS_SEARCH_USER_PATHS = NO;
				CLANG_ANALYZER_NONNULL = YES;
				CLANG_ANALYZER_NUMBER_OBJECT_CONVERSION = YES_AGGRESSIVE;
				CLANG_CXX_LANGUAGE_STANDARD = "gnu++14";
				CLANG_CXX_LIBRARY = "libc++";
				CLANG_ENABLE_MODULES = YES;
				CLANG_ENABLE_OBJC_ARC = YES;
				CLANG_WARN_BLOCK_CAPTURE_AUTORELEASING = YES;
				CLANG_WARN_BOOL_CONVERSION = YES;
				CLANG_WARN_COMMA = YES;
				CLANG_WARN_CONSTANT_CONVERSION = YES;
				CLANG_WARN_DIRECT_OBJC_ISA_USAGE = YES_ERROR;
				CLANG_WARN_DOCUMENTATION_COMMENTS = YES;
				CLANG_WARN_EMPTY_BODY = YES;
				CLANG_WARN_ENUM_CONVERSION = YES;
				CLANG_WARN_INFINITE_RECURSION = YES;
				CLANG_WARN_INT_CONVERSION = YES;
				CLANG_WARN_NON_LITERAL_NULL_CONVERSION = YES;
				CLANG_WARN_OBJC_LITERAL_CONVERSION = YES;
				CLANG_WARN_OBJC_ROOT_CLASS = YES_ERROR;
				CLANG_WARN_RANGE_LOOP_ANALYSIS = YES;
				CLANG_WARN_STRICT_PROTOTYPES = YES;
				CLANG_WARN_SUSPICIOUS_MOVE = YES;
				CLANG_WARN_UNGUARDED_AVAILABILITY = YES_AGGRESSIVE;
				CLANG_WARN_UNREACHABLE_CODE = YES;
				CLANG_WARN__DUPLICATE_METHOD_MATCH = YES;
				COPY_PHASE_STRIP = NO;
				DEBUG_INFORMATION_FORMAT = dwarf;
				ENABLE_STRICT_OBJC_MSGSEND = YES;
				ENABLE_TESTABILITY = YES;
				GCC_C_LANGUAGE_STANDARD = gnu11;
				GCC_DYNAMIC_NO_PIC = NO;
				GCC_NO_COMMON_BLOCKS = YES;
				GCC_OPTIMIZATION_LEVEL = 0;
				GCC_PREPROCESSOR_DEFINITIONS = (
					"DEBUG=1",
					"$(inherited)",
				);
				GCC_WARN_64_TO_32_BIT_CONVERSION = YES;
				GCC_WARN_ABOUT_RETURN_TYPE = YES_ERROR;
				GCC_WARN_UNDECLARED_SELECTOR = YES;
				GCC_WARN_UNINITIALIZED_AUTOS = YES_AGGRESSIVE;
				GCC_WARN_UNUSED_FUNCTION = YES;
				GCC_WARN_UNUSED_VARIABLE = YES;
				MTL_ENABLE_DEBUG_INFO = YES;
				ONLY_ACTIVE_ARCH = YES;
				SWIFT_ACTIVE_COMPILATION_CONDITIONS = DEBUG;
				SWIFT_OPTIMIZATION_LEVEL = "-Onone";
			};
			name = Debug;
		};
		3F06B376207C81E000C8315A /* Release */ = {
			isa = XCBuildConfiguration;
			buildSettings = {
				ALWAYS_SEARCH_USER_PATHS = NO;
				CLANG_ANALYZER_NONNULL = YES;
				CLANG_ANALYZER_NUMBER_OBJECT_CONVERSION = YES_AGGRESSIVE;
				CLANG_CXX_LANGUAGE_STANDARD = "gnu++14";
				CLANG_CXX_LIBRARY = "libc++";
				CLANG_ENABLE_MODULES = YES;
				CLANG_ENABLE_OBJC_ARC = YES;
				CLANG_WARN_BLOCK_CAPTURE_AUTORELEASING = YES;
				CLANG_WARN_BOOL_CONVERSION = YES;
				CLANG_WARN_COMMA = YES;
				CLANG_WARN_CONSTANT_CONVERSION = YES;
				CLANG_WARN_DIRECT_OBJC_ISA_USAGE = YES_ERROR;
				CLANG_WARN_DOCUMENTATION_COMMENTS = YES;
				CLANG_WARN_EMPTY_BODY = YES;
				CLANG_WARN_ENUM_CONVERSION = YES;
				CLANG_WARN_INFINITE_RECURSION = YES;
				CLANG_WARN_INT_CONVERSION = YES;
				CLANG_WARN_NON_LITERAL_NULL_CONVERSION = YES;
				CLANG_WARN_OBJC_LITERAL_CONVERSION = YES;
				CLANG_WARN_OBJC_ROOT_CLASS = YES_ERROR;
				CLANG_WARN_RANGE_LOOP_ANALYSIS = YES;
				CLANG_WARN_STRICT_PROTOTYPES = YES;
				CLANG_WARN_SUSPICIOUS_MOVE = YES;
				CLANG_WARN_UNGUARDED_AVAILABILITY = YES_AGGRESSIVE;
				CLANG_WARN_UNREACHABLE_CODE = YES;
				CLANG_WARN__DUPLICATE_METHOD_MATCH = YES;
				COPY_PHASE_STRIP = NO;
				DEBUG_INFORMATION_FORMAT = "dwarf-with-dsym";
				ENABLE_NS_ASSERTIONS = NO;
				ENABLE_STRICT_OBJC_MSGSEND = YES;
				GCC_C_LANGUAGE_STANDARD = gnu11;
				GCC_NO_COMMON_BLOCKS = YES;
				GCC_WARN_64_TO_32_BIT_CONVERSION = YES;
				GCC_WARN_ABOUT_RETURN_TYPE = YES_ERROR;
				GCC_WARN_UNDECLARED_SELECTOR = YES;
				GCC_WARN_UNINITIALIZED_AUTOS = YES_AGGRESSIVE;
				GCC_WARN_UNUSED_FUNCTION = YES;
				GCC_WARN_UNUSED_VARIABLE = YES;
				MTL_ENABLE_DEBUG_INFO = NO;
				SWIFT_OPTIMIZATION_LEVEL = "-Owholemodule";
			};
			name = Release;
		};
		3F06B378207C81E000C8315A /* Debug */ = {
			isa = XCBuildConfiguration;
			buildSettings = {
				ASSETCATALOG_COMPILER_APPICON_NAME = AppIcon;
				CODE_SIGN_IDENTITY = "iPhone Developer";
				CODE_SIGN_STYLE = Automatic;
				INFOPLIST_FILE = "HexThrees iOS/Info.plist";
				IPHONEOS_DEPLOYMENT_TARGET = 11.2;
				LD_RUNPATH_SEARCH_PATHS = "$(inherited) @executable_path/Frameworks";
				PRODUCT_BUNDLE_IDENTIFIER = com.hyston.examples.HexThrees;
				PRODUCT_NAME = HexThrees;
				SDKROOT = iphoneos;
				SWIFT_VERSION = 4.0;
				TARGETED_DEVICE_FAMILY = "1,2";
			};
			name = Debug;
		};
		3F06B379207C81E000C8315A /* Release */ = {
			isa = XCBuildConfiguration;
			buildSettings = {
				ASSETCATALOG_COMPILER_APPICON_NAME = AppIcon;
				CODE_SIGN_IDENTITY = "iPhone Developer";
				CODE_SIGN_STYLE = Automatic;
				INFOPLIST_FILE = "HexThrees iOS/Info.plist";
				IPHONEOS_DEPLOYMENT_TARGET = 11.2;
				LD_RUNPATH_SEARCH_PATHS = "$(inherited) @executable_path/Frameworks";
				PRODUCT_BUNDLE_IDENTIFIER = com.hyston.examples.HexThrees;
				PRODUCT_NAME = HexThrees;
				SDKROOT = iphoneos;
				SWIFT_VERSION = 4.0;
				TARGETED_DEVICE_FAMILY = "1,2";
				VALIDATE_PRODUCT = YES;
			};
			name = Release;
		};
		3F06B37B207C81E000C8315A /* Debug */ = {
			isa = XCBuildConfiguration;
			buildSettings = {
				ASSETCATALOG_COMPILER_APPICON_NAME = AppIcon;
				CODE_SIGN_IDENTITY = "-";
				CODE_SIGN_STYLE = Automatic;
				COMBINE_HIDPI_IMAGES = YES;
				INFOPLIST_FILE = "HexThrees macOS/Info.plist";
				LD_RUNPATH_SEARCH_PATHS = "$(inherited) @executable_path/../Frameworks";
				MACOSX_DEPLOYMENT_TARGET = 10.13;
				PRODUCT_BUNDLE_IDENTIFIER = com.hyston.examples.HexThrees;
				PRODUCT_NAME = HexThrees;
				SDKROOT = macosx;
				SWIFT_VERSION = 4.0;
			};
			name = Debug;
		};
		3F06B37C207C81E000C8315A /* Release */ = {
			isa = XCBuildConfiguration;
			buildSettings = {
				ASSETCATALOG_COMPILER_APPICON_NAME = AppIcon;
				CODE_SIGN_IDENTITY = "-";
				CODE_SIGN_STYLE = Automatic;
				COMBINE_HIDPI_IMAGES = YES;
				INFOPLIST_FILE = "HexThrees macOS/Info.plist";
				LD_RUNPATH_SEARCH_PATHS = "$(inherited) @executable_path/../Frameworks";
				MACOSX_DEPLOYMENT_TARGET = 10.13;
				PRODUCT_BUNDLE_IDENTIFIER = com.hyston.examples.HexThrees;
				PRODUCT_NAME = HexThrees;
				SDKROOT = macosx;
				SWIFT_VERSION = 4.0;
			};
			name = Release;
		};
/* End XCBuildConfiguration section */

/* Begin XCConfigurationList section */
		3F06B347207C81E000C8315A /* Build configuration list for PBXProject "HexThrees" */ = {
			isa = XCConfigurationList;
			buildConfigurations = (
				3F06B375207C81E000C8315A /* Debug */,
				3F06B376207C81E000C8315A /* Release */,
			);
			defaultConfigurationIsVisible = 0;
			defaultConfigurationName = Release;
		};
		3F06B377207C81E000C8315A /* Build configuration list for PBXNativeTarget "HexThrees iOS" */ = {
			isa = XCConfigurationList;
			buildConfigurations = (
				3F06B378207C81E000C8315A /* Debug */,
				3F06B379207C81E000C8315A /* Release */,
			);
			defaultConfigurationIsVisible = 0;
			defaultConfigurationName = Release;
		};
		3F06B37A207C81E000C8315A /* Build configuration list for PBXNativeTarget "HexThrees macOS" */ = {
			isa = XCConfigurationList;
			buildConfigurations = (
				3F06B37B207C81E000C8315A /* Debug */,
				3F06B37C207C81E000C8315A /* Release */,
			);
			defaultConfigurationIsVisible = 0;
			defaultConfigurationName = Release;
		};
/* End XCConfigurationList section */
	};
	rootObject = 3F06B344207C81E000C8315A /* Project object */;
}
